
Microsoft Visual Studio Solution File, Format Version 12.00
# Visual Studio Version 17
VisualStudioVersion = 17.5.002.0
MinimumVisualStudioVersion = 10.0.40219.1
Project("{2150E333-8FDC-42A3-9474-1A3956D46DE8}") = "csharp-prep", "csharp-prep", "{421FB4AE-65E1-40F5-98FF-5A0428BAA568}"
EndProject
Project("{9A19103F-16F7-4668-BE54-9A1E7A4F7556}") = "Prep1", "csharp-prep\Prep1\Prep1.csproj", "{C372CE4B-5485-4A12-8AD2-69E4D2F56CA7}"
EndProject
Project("{9A19103F-16F7-4668-BE54-9A1E7A4F7556}") = "Prep2", "csharp-prep\Prep2\Prep2.csproj", "{367967BC-61E7-4A62-841C-16D6211D6D8D}"
EndProject
Project("{9A19103F-16F7-4668-BE54-9A1E7A4F7556}") = "Prep3", "csharp-prep\Prep3\Prep3.csproj", "{DE524D3C-6B43-4EF0-A0A1-7DBA3EDF81CF}"
EndProject
Project("{9A19103F-16F7-4668-BE54-9A1E7A4F7556}") = "Prep4", "csharp-prep\Prep4\Prep4.csproj", "{2E8C3926-22F8-44DD-80FD-85D31246337E}"
EndProject
Project("{9A19103F-16F7-4668-BE54-9A1E7A4F7556}") = "Prep5", "csharp-prep\Prep5\Prep5.csproj", "{8F4F825D-B8BC-48B9-8A2F-6E39E629913C}"
EndProject
Project("{2150E333-8FDC-42A3-9474-1A3956D46DE8}") = "final", "final", "{DDC0710D-C463-49F3-935B-801117452BE8}"
EndProject
Project("{9A19103F-16F7-4668-BE54-9A1E7A4F7556}") = "FinalProject", "final\FinalProject\FinalProject.csproj", "{290F6FA0-C7E8-4F67-B440-0F54F46EBDB3}"
EndProject
Project("{9A19103F-16F7-4668-BE54-9A1E7A4F7556}") = "Foundation1", "final\Foundation1\Foundation1.csproj", "{C69EA512-8D46-4879-8974-33690F16D5CB}"
EndProject
Project("{9A19103F-16F7-4668-BE54-9A1E7A4F7556}") = "Foundation2", "final\Foundation2\Foundation2.csproj", "{86A91030-437C-4B80-BDEF-6C3BAF9A4EB9}"
EndProject
Project("{9A19103F-16F7-4668-BE54-9A1E7A4F7556}") = "Foundation3", "final\Foundation3\Foundation3.csproj", "{0C57DC4A-E3EA-4FD1-9303-4950E46D2EFC}"
EndProject
Project("{9A19103F-16F7-4668-BE54-9A1E7A4F7556}") = "Foundation4", "final\Foundation4\Foundation4.csproj", "{AB3717AE-A6DD-4D3A-82A9-00BC57769F59}"
EndProject
Project("{2150E333-8FDC-42A3-9474-1A3956D46DE8}") = "prepare", "prepare", "{39D4BAB6-17B3-425D-BE0D-4D61307457AA}"
EndProject
Project("{9A19103F-16F7-4668-BE54-9A1E7A4F7556}") = "Learning02", "prepare\Learning02\Learning02.csproj", "{C6B9ACE4-06EE-48C9-ADB3-B845FF40AFED}"
EndProject
Project("{9A19103F-16F7-4668-BE54-9A1E7A4F7556}") = "Learning03", "prepare\Learning03\Learning03.csproj", "{E18FD8BC-94D2-4EAF-9E2B-9B45FAE92E22}"
EndProject
Project("{9A19103F-16F7-4668-BE54-9A1E7A4F7556}") = "Learning04", "prepare\Learning04\Learning04.csproj", "{25142318-024B-43A7-933D-CCEE390B042C}"
EndProject
Project("{9A19103F-16F7-4668-BE54-9A1E7A4F7556}") = "Learning05", "prepare\Learning05\Learning05.csproj", "{95CE603A-C7CD-4927-A8D8-1A76D874ACC5}"
EndProject
Project("{2150E333-8FDC-42A3-9474-1A3956D46DE8}") = "prove", "prove", "{A5253668-07EE-4F88-B23E-8C94211E7CDC}"
EndProject
Project("{9A19103F-16F7-4668-BE54-9A1E7A4F7556}") = "Develop02", "prove\Develop02\Develop02.csproj", "{E1CED7DD-83AC-4CCE-9EB6-4358907BBD78}"
EndProject
Project("{9A19103F-16F7-4668-BE54-9A1E7A4F7556}") = "Develop03", "prove\Develop03\Develop03.csproj", "{AFDAF796-6A59-4954-AA7B-F5C07888C979}"
EndProject
Project("{9A19103F-16F7-4668-BE54-9A1E7A4F7556}") = "Develop04", "prove\Develop04\Develop04.csproj", "{214D7C77-E04B-4A1B-A6FA-FF771DB045CC}"
EndProject
Project("{9A19103F-16F7-4668-BE54-9A1E7A4F7556}") = "Develop05", "prove\Develop05\Develop05.csproj", "{1453D567-5047-4B76-B829-08D2EE64DD41}"
EndProject
Project("{2150E333-8FDC-42A3-9474-1A3956D46DE8}") = "sandbox", "sandbox", "{F4F9E53E-9061-4136-A04E-523E0E3283E3}"
EndProject
Project("{9A19103F-16F7-4668-BE54-9A1E7A4F7556}") = "Sandbox", "sandbox\Sandbox\Sandbox.csproj", "{6FB3B468-3F3C-4473-9CA2-FFA1469DE324}"
EndProject
Global
	GlobalSection(SolutionConfigurationPlatforms) = preSolution
		Debug|Any CPU = Debug|Any CPU
		Release|Any CPU = Release|Any CPU
	EndGlobalSection
	GlobalSection(ProjectConfigurationPlatforms) = postSolution
		{C372CE4B-5485-4A12-8AD2-69E4D2F56CA7}.Debug|Any CPU.ActiveCfg = Debug|Any CPU
		{C372CE4B-5485-4A12-8AD2-69E4D2F56CA7}.Debug|Any CPU.Build.0 = Debug|Any CPU
		{C372CE4B-5485-4A12-8AD2-69E4D2F56CA7}.Release|Any CPU.ActiveCfg = Release|Any CPU
		{C372CE4B-5485-4A12-8AD2-69E4D2F56CA7}.Release|Any CPU.Build.0 = Release|Any CPU
		{367967BC-61E7-4A62-841C-16D6211D6D8D}.Debug|Any CPU.ActiveCfg = Debug|Any CPU
		{367967BC-61E7-4A62-841C-16D6211D6D8D}.Debug|Any CPU.Build.0 = Debug|Any CPU
		{367967BC-61E7-4A62-841C-16D6211D6D8D}.Release|Any CPU.ActiveCfg = Release|Any CPU
		{367967BC-61E7-4A62-841C-16D6211D6D8D}.Release|Any CPU.Build.0 = Release|Any CPU
		{DE524D3C-6B43-4EF0-A0A1-7DBA3EDF81CF}.Debug|Any CPU.ActiveCfg = Debug|Any CPU
		{DE524D3C-6B43-4EF0-A0A1-7DBA3EDF81CF}.Debug|Any CPU.Build.0 = Debug|Any CPU
		{DE524D3C-6B43-4EF0-A0A1-7DBA3EDF81CF}.Release|Any CPU.ActiveCfg = Release|Any CPU
		{DE524D3C-6B43-4EF0-A0A1-7DBA3EDF81CF}.Release|Any CPU.Build.0 = Release|Any CPU
		{2E8C3926-22F8-44DD-80FD-85D31246337E}.Debug|Any CPU.ActiveCfg = Debug|Any CPU
		{2E8C3926-22F8-44DD-80FD-85D31246337E}.Debug|Any CPU.Build.0 = Debug|Any CPU
		{2E8C3926-22F8-44DD-80FD-85D31246337E}.Release|Any CPU.ActiveCfg = Release|Any CPU
		{2E8C3926-22F8-44DD-80FD-85D31246337E}.Release|Any CPU.Build.0 = Release|Any CPU
		{8F4F825D-B8BC-48B9-8A2F-6E39E629913C}.Debug|Any CPU.ActiveCfg = Debug|Any CPU
		{8F4F825D-B8BC-48B9-8A2F-6E39E629913C}.Debug|Any CPU.Build.0 = Debug|Any CPU
		{8F4F825D-B8BC-48B9-8A2F-6E39E629913C}.Release|Any CPU.ActiveCfg = Release|Any CPU
		{8F4F825D-B8BC-48B9-8A2F-6E39E629913C}.Release|Any CPU.Build.0 = Release|Any CPU
		{290F6FA0-C7E8-4F67-B440-0F54F46EBDB3}.Debug|Any CPU.ActiveCfg = Debug|Any CPU
		{290F6FA0-C7E8-4F67-B440-0F54F46EBDB3}.Debug|Any CPU.Build.0 = Debug|Any CPU
		{290F6FA0-C7E8-4F67-B440-0F54F46EBDB3}.Release|Any CPU.ActiveCfg = Release|Any CPU
		{290F6FA0-C7E8-4F67-B440-0F54F46EBDB3}.Release|Any CPU.Build.0 = Release|Any CPU
		{C69EA512-8D46-4879-8974-33690F16D5CB}.Debug|Any CPU.ActiveCfg = Debug|Any CPU
		{C69EA512-8D46-4879-8974-33690F16D5CB}.Debug|Any CPU.Build.0 = Debug|Any CPU
		{C69EA512-8D46-4879-8974-33690F16D5CB}.Release|Any CPU.ActiveCfg = Release|Any CPU
		{C69EA512-8D46-4879-8974-33690F16D5CB}.Release|Any CPU.Build.0 = Release|Any CPU
		{86A91030-437C-4B80-BDEF-6C3BAF9A4EB9}.Debug|Any CPU.ActiveCfg = Debug|Any CPU
		{86A91030-437C-4B80-BDEF-6C3BAF9A4EB9}.Debug|Any CPU.Build.0 = Debug|Any CPU
		{86A91030-437C-4B80-BDEF-6C3BAF9A4EB9}.Release|Any CPU.ActiveCfg = Release|Any CPU
		{86A91030-437C-4B80-BDEF-6C3BAF9A4EB9}.Release|Any CPU.Build.0 = Release|Any CPU
		{0C57DC4A-E3EA-4FD1-9303-4950E46D2EFC}.Debug|Any CPU.ActiveCfg = Debug|Any CPU
		{0C57DC4A-E3EA-4FD1-9303-4950E46D2EFC}.Debug|Any CPU.Build.0 = Debug|Any CPU
		{0C57DC4A-E3EA-4FD1-9303-4950E46D2EFC}.Release|Any CPU.ActiveCfg = Release|Any CPU
		{0C57DC4A-E3EA-4FD1-9303-4950E46D2EFC}.Release|Any CPU.Build.0 = Release|Any CPU
		{AB3717AE-A6DD-4D3A-82A9-00BC57769F59}.Debug|Any CPU.ActiveCfg = Debug|Any CPU
		{AB3717AE-A6DD-4D3A-82A9-00BC57769F59}.Debug|Any CPU.Build.0 = Debug|Any CPU
		{AB3717AE-A6DD-4D3A-82A9-00BC57769F59}.Release|Any CPU.ActiveCfg = Release|Any CPU
		{AB3717AE-A6DD-4D3A-82A9-00BC57769F59}.Release|Any CPU.Build.0 = Release|Any CPU
		{C6B9ACE4-06EE-48C9-ADB3-B845FF40AFED}.Debug|Any CPU.ActiveCfg = Debug|Any CPU
		{C6B9ACE4-06EE-48C9-ADB3-B845FF40AFED}.Debug|Any CPU.Build.0 = Debug|Any CPU
		{C6B9ACE4-06EE-48C9-ADB3-B845FF40AFED}.Release|Any CPU.ActiveCfg = Release|Any CPU
		{C6B9ACE4-06EE-48C9-ADB3-B845FF40AFED}.Release|Any CPU.Build.0 = Release|Any CPU
		{E18FD8BC-94D2-4EAF-9E2B-9B45FAE92E22}.Debug|Any CPU.ActiveCfg = Debug|Any CPU
		{E18FD8BC-94D2-4EAF-9E2B-9B45FAE92E22}.Debug|Any CPU.Build.0 = Debug|Any CPU
		{E18FD8BC-94D2-4EAF-9E2B-9B45FAE92E22}.Release|Any CPU.ActiveCfg = Release|Any CPU
		{E18FD8BC-94D2-4EAF-9E2B-9B45FAE92E22}.Release|Any CPU.Build.0 = Release|Any CPU
		{25142318-024B-43A7-933D-CCEE390B042C}.Debug|Any CPU.ActiveCfg = Debug|Any CPU
		{25142318-024B-43A7-933D-CCEE390B042C}.Debug|Any CPU.Build.0 = Debug|Any CPU
		{25142318-024B-43A7-933D-CCEE390B042C}.Release|Any CPU.ActiveCfg = Release|Any CPU
		{25142318-024B-43A7-933D-CCEE390B042C}.Release|Any CPU.Build.0 = Release|Any CPU
		{95CE603A-C7CD-4927-A8D8-1A76D874ACC5}.Debug|Any CPU.ActiveCfg = Debug|Any CPU
		{95CE603A-C7CD-4927-A8D8-1A76D874ACC5}.Debug|Any CPU.Build.0 = Debug|Any CPU
		{95CE603A-C7CD-4927-A8D8-1A76D874ACC5}.Release|Any CPU.ActiveCfg = Release|Any CPU
		{95CE603A-C7CD-4927-A8D8-1A76D874ACC5}.Release|Any CPU.Build.0 = Release|Any CPU
		{E1CED7DD-83AC-4CCE-9EB6-4358907BBD78}.Debug|Any CPU.ActiveCfg = Debug|Any CPU
		{E1CED7DD-83AC-4CCE-9EB6-4358907BBD78}.Debug|Any CPU.Build.0 = Debug|Any CPU
		{E1CED7DD-83AC-4CCE-9EB6-4358907BBD78}.Release|Any CPU.ActiveCfg = Release|Any CPU
		{E1CED7DD-83AC-4CCE-9EB6-4358907BBD78}.Release|Any CPU.Build.0 = Release|Any CPU
		{AFDAF796-6A59-4954-AA7B-F5C07888C979}.Debug|Any CPU.ActiveCfg = Debug|Any CPU
		{AFDAF796-6A59-4954-AA7B-F5C07888C979}.Debug|Any CPU.Build.0 = Debug|Any CPU
		{AFDAF796-6A59-4954-AA7B-F5C07888C979}.Release|Any CPU.ActiveCfg = Release|Any CPU
		{AFDAF796-6A59-4954-AA7B-F5C07888C979}.Release|Any CPU.Build.0 = Release|Any CPU
		{214D7C77-E04B-4A1B-A6FA-FF771DB045CC}.Debug|Any CPU.ActiveCfg = Debug|Any CPU
		{214D7C77-E04B-4A1B-A6FA-FF771DB045CC}.Debug|Any CPU.Build.0 = Debug|Any CPU
		{214D7C77-E04B-4A1B-A6FA-FF771DB045CC}.Release|Any CPU.ActiveCfg = Release|Any CPU
		{214D7C77-E04B-4A1B-A6FA-FF771DB045CC}.Release|Any CPU.Build.0 = Release|Any CPU
		{1453D567-5047-4B76-B829-08D2EE64DD41}.Debug|Any CPU.ActiveCfg = Debug|Any CPU
		{1453D567-5047-4B76-B829-08D2EE64DD41}.Debug|Any CPU.Build.0 = Debug|Any CPU
		{1453D567-5047-4B76-B829-08D2EE64DD41}.Release|Any CPU.ActiveCfg = Release|Any CPU
		{1453D567-5047-4B76-B829-08D2EE64DD41}.Release|Any CPU.Build.0 = Release|Any CPU
		{6FB3B468-3F3C-4473-9CA2-FFA1469DE324}.Debug|Any CPU.ActiveCfg = Debug|Any CPU
		{6FB3B468-3F3C-4473-9CA2-FFA1469DE324}.Debug|Any CPU.Build.0 = Debug|Any CPU
		{6FB3B468-3F3C-4473-9CA2-FFA1469DE324}.Release|Any CPU.ActiveCfg = Release|Any CPU
		{6FB3B468-3F3C-4473-9CA2-FFA1469DE324}.Release|Any CPU.Build.0 = Release|Any CPU
	EndGlobalSection
	GlobalSection(SolutionProperties) = preSolution
		HideSolutionNode = FALSE
	EndGlobalSection
	GlobalSection(NestedProjects) = preSolution
		{C372CE4B-5485-4A12-8AD2-69E4D2F56CA7} = {421FB4AE-65E1-40F5-98FF-5A0428BAA568}
		{367967BC-61E7-4A62-841C-16D6211D6D8D} = {421FB4AE-65E1-40F5-98FF-5A0428BAA568}
		{DE524D3C-6B43-4EF0-A0A1-7DBA3EDF81CF} = {421FB4AE-65E1-40F5-98FF-5A0428BAA568}
		{2E8C3926-22F8-44DD-80FD-85D31246337E} = {421FB4AE-65E1-40F5-98FF-5A0428BAA568}
		{8F4F825D-B8BC-48B9-8A2F-6E39E629913C} = {421FB4AE-65E1-40F5-98FF-5A0428BAA568}
		{290F6FA0-C7E8-4F67-B440-0F54F46EBDB3} = {DDC0710D-C463-49F3-935B-801117452BE8}
		{C69EA512-8D46-4879-8974-33690F16D5CB} = {DDC0710D-C463-49F3-935B-801117452BE8}
		{86A91030-437C-4B80-BDEF-6C3BAF9A4EB9} = {DDC0710D-C463-49F3-935B-801117452BE8}
		{0C57DC4A-E3EA-4FD1-9303-4950E46D2EFC} = {DDC0710D-C463-49F3-935B-801117452BE8}
		{AB3717AE-A6DD-4D3A-82A9-00BC57769F59} = {DDC0710D-C463-49F3-935B-801117452BE8}
		{C6B9ACE4-06EE-48C9-ADB3-B845FF40AFED} = {39D4BAB6-17B3-425D-BE0D-4D61307457AA}
		{E18FD8BC-94D2-4EAF-9E2B-9B45FAE92E22} = {39D4BAB6-17B3-425D-BE0D-4D61307457AA}
		{25142318-024B-43A7-933D-CCEE390B042C} = {39D4BAB6-17B3-425D-BE0D-4D61307457AA}
		{95CE603A-C7CD-4927-A8D8-1A76D874ACC5} = {39D4BAB6-17B3-425D-BE0D-4D61307457AA}
		{E1CED7DD-83AC-4CCE-9EB6-4358907BBD78} = {A5253668-07EE-4F88-B23E-8C94211E7CDC}
		{AFDAF796-6A59-4954-AA7B-F5C07888C979} = {A5253668-07EE-4F88-B23E-8C94211E7CDC}
		{214D7C77-E04B-4A1B-A6FA-FF771DB045CC} = {A5253668-07EE-4F88-B23E-8C94211E7CDC}
		{1453D567-5047-4B76-B829-08D2EE64DD41} = {A5253668-07EE-4F88-B23E-8C94211E7CDC}
		{6FB3B468-3F3C-4473-9CA2-FFA1469DE324} = {F4F9E53E-9061-4136-A04E-523E0E3283E3}
	EndGlobalSection
	GlobalSection(ExtensibilityGlobals) = postSolution
		SolutionGuid = {884D0FDA-F4AD-4D9B-88F2-60000801B3E9}
	EndGlobalSection
EndGlobal
