
Microsoft Visual Studio Solution File, Format Version 12.00
# Visual Studio Version 17
VisualStudioVersion = 17.5.002.0
MinimumVisualStudioVersion = 10.0.40219.1
Project("{9A19103F-16F7-4668-BE54-9A1E7A4F7556}") = "Develop03", "Develop03.csproj", "{15FFDE3B-C370-4D8F-BF8C-935BD9ADB6C5}"
EndProject
Global
	GlobalSection(SolutionConfigurationPlatforms) = preSolution
		Debug|Any CPU = Debug|Any CPU
		Release|Any CPU = Release|Any CPU
	EndGlobalSection
	GlobalSection(ProjectConfigurationPlatforms) = postSolution
		{15FFDE3B-C370-4D8F-BF8C-935BD9ADB6C5}.Debug|Any CPU.ActiveCfg = Debug|Any CPU
		{15FFDE3B-C370-4D8F-BF8C-935BD9ADB6C5}.Debug|Any CPU.Build.0 = Debug|Any CPU
		{15FFDE3B-C370-4D8F-BF8C-935BD9ADB6C5}.Release|Any CPU.ActiveCfg = Release|Any CPU
		{15FFDE3B-C370-4D8F-BF8C-935BD9ADB6C5}.Release|Any CPU.Build.0 = Release|Any CPU
	EndGlobalSection
	GlobalSection(SolutionProperties) = preSolution
		HideSolutionNode = FALSE
	EndGlobalSection
	GlobalSection(ExtensibilityGlobals) = postSolution
		SolutionGuid = {ADE7D510-AC38-43AA-A27C-3F392098CF6D}
	EndGlobalSection
EndGlobal
